
Microsoft Visual Studio Solution File, Format Version 12.00
# Visual Studio Version 17
VisualStudioVersion = 17.4.33213.308
MinimumVisualStudioVersion = 10.0.40219.1
Project("{FAE04EC0-301F-11D3-BF4B-00C04F79EFBC}") = "COMP003A.LectureActivity5", "COMP003A.LectureActivity5\COMP003A.LectureActivity5.csproj", "{DF818E81-B896-4306-A196-8EA16233FA7A}"
EndProject
Global
	GlobalSection(SolutionConfigurationPlatforms) = preSolution
		Debug|Any CPU = Debug|Any CPU
		Release|Any CPU = Release|Any CPU
	EndGlobalSection
	GlobalSection(ProjectConfigurationPlatforms) = postSolution
		{DF818E81-B896-4306-A196-8EA16233FA7A}.Debug|Any CPU.ActiveCfg = Debug|Any CPU
		{DF818E81-B896-4306-A196-8EA16233FA7A}.Debug|Any CPU.Build.0 = Debug|Any CPU
		{DF818E81-B896-4306-A196-8EA16233FA7A}.Release|Any CPU.ActiveCfg = Release|Any CPU
		{DF818E81-B896-4306-A196-8EA16233FA7A}.Release|Any CPU.Build.0 = Release|Any CPU
	EndGlobalSection
	GlobalSection(SolutionProperties) = preSolution
		HideSolutionNode = FALSE
	EndGlobalSection
	GlobalSection(ExtensibilityGlobals) = postSolution
		SolutionGuid = {FA6601A0-8D99-44B3-A4A7-CAA805C66613}
	EndGlobalSection
EndGlobal
